Microsoft Visual Studio Solution File, Format Version 10.00
# Visual Studio 2008
Project("{FAE04EC0-301F-11D3-BF4B-00C04F79EFBC}") = "NetWatch", "NetWatch.csproj", "{5BB4DA8B-42AE-4A87-B6B2-FFF73E47899C}"
	ProjectSection(ProjectDependencies) = postProject
		{29BF8A5E-6326-4D76-AAF1-9362FA03EC45} = {29BF8A5E-6326-4D76-AAF1-9362FA03EC45}
	EndProjectSection
EndProject
Project("{FAE04EC0-301F-11D3-BF4B-00C04F79EFBC}") = "IpHlpApi.net", "..\IpHlpApi.net\IpHlpApi.net.csproj", "{29BF8A5E-6326-4D76-AAF1-9362FA03EC45}"
EndProject
Global
	GlobalSection(SolutionConfigurationPlatforms) = preSolution
		Debug|Any CPU = Debug|Any CPU
		Release|Any CPU = Release|Any CPU
	EndGlobalSection
	GlobalSection(ProjectConfigurationPlatforms) = postSolution
		{5BB4DA8B-42AE-4A87-B6B2-FFF73E47899C}.Debug|Any CPU.ActiveCfg = Debug|Any CPU
		{5BB4DA8B-42AE-4A87-B6B2-FFF73E47899C}.Debug|Any CPU.Build.0 = Debug|Any CPU
		{5BB4DA8B-42AE-4A87-B6B2-FFF73E47899C}.Release|Any CPU.ActiveCfg = Release|Any CPU
		{5BB4DA8B-42AE-4A87-B6B2-FFF73E47899C}.Release|Any CPU.Build.0 = Release|Any CPU
		{29BF8A5E-6326-4D76-AAF1-9362FA03EC45}.Debug|Any CPU.ActiveCfg = Debug|Any CPU
		{29BF8A5E-6326-4D76-AAF1-9362FA03EC45}.Release|Any CPU.ActiveCfg = Release|Any CPU
	EndGlobalSection
	GlobalSection(SolutionProperties) = preSolution
		HideSolutionNode = FALSE
	EndGlobalSection
EndGlobal
